
Microsoft Visual Studio Solution File, Format Version 12.00
# Visual Studio 15
VisualStudioVersion = 15.0.27130.2036
MinimumVisualStudioVersion = 10.0.40219.1
Project("{FAE04EC0-301F-11D3-BF4B-00C04F79EFBC}") = "RiffGeneratorWeb", "RiffGeneratorWeb\RiffGeneratorWeb.csproj", "{DBC3D947-B5A8-456A-9564-EAD056837052}"
EndProject
Global
	GlobalSection(SolutionConfigurationPlatforms) = preSolution
		Debug|Any CPU = Debug|Any CPU
		Release|Any CPU = Release|Any CPU
	EndGlobalSection
	GlobalSection(ProjectConfigurationPlatforms) = postSolution
		{DBC3D947-B5A8-456A-9564-EAD056837052}.Debug|Any CPU.ActiveCfg = Debug|Any CPU
		{DBC3D947-B5A8-456A-9564-EAD056837052}.Debug|Any CPU.Build.0 = Debug|Any CPU
		{DBC3D947-B5A8-456A-9564-EAD056837052}.Release|Any CPU.ActiveCfg = Release|Any CPU
		{DBC3D947-B5A8-456A-9564-EAD056837052}.Release|Any CPU.Build.0 = Release|Any CPU
	EndGlobalSection
	GlobalSection(SolutionProperties) = preSolution
		HideSolutionNode = FALSE
	EndGlobalSection
	GlobalSection(ExtensibilityGlobals) = postSolution
		SolutionGuid = {FCD07B1B-A024-4D92-8C21-1EE9E0F88685}
	EndGlobalSection
EndGlobal
